
Microsoft Visual Studio Solution File, Format Version 12.00
# Visual Studio Version 17
VisualStudioVersion = 17.14.36408.4 d17.14
MinimumVisualStudioVersion = 10.0.40219.1
Project("{FAE04EC0-301F-11D3-BF4B-00C04F79EFBC}") = "FortuneTeller", "FortuneTeller.csproj", "{3DD22037-B3E0-4505-9A13-50C740541F0B}"
EndProject
Global
	GlobalSection(SolutionConfigurationPlatforms) = preSolution
		Debug|Any CPU = Debug|Any CPU
		Release|Any CPU = Release|Any CPU
	EndGlobalSection
	GlobalSection(ProjectConfigurationPlatforms) = postSolution
		{3DD22037-B3E0-4505-9A13-50C740541F0B}.Debug|Any CPU.ActiveCfg = Debug|Any CPU
		{3DD22037-B3E0-4505-9A13-50C740541F0B}.Debug|Any CPU.Build.0 = Debug|Any CPU
		{3DD22037-B3E0-4505-9A13-50C740541F0B}.Release|Any CPU.ActiveCfg = Release|Any CPU
		{3DD22037-B3E0-4505-9A13-50C740541F0B}.Release|Any CPU.Build.0 = Release|Any CPU
	EndGlobalSection
	GlobalSection(SolutionProperties) = preSolution
		HideSolutionNode = FALSE
	EndGlobalSection
	GlobalSection(ExtensibilityGlobals) = postSolution
		SolutionGuid = {F33E8248-81C2-4299-826D-ACD018951050}
	EndGlobalSection
EndGlobal
